
Microsoft Visual Studio Solution File, Format Version 12.00
# Visual Studio Version 17
VisualStudioVersion = 17.4.33213.308
MinimumVisualStudioVersion = 10.0.40219.1
Project("{8BC9CEB8-8B4A-11D0-8D11-00A0C91BC942}") = "6502_emulator", "6502_emulator\6502_emulator.vcxproj", "{439DFC35-E8B0-48DE-A2A6-BACF2C81D51C}"
EndProject
Global
	GlobalSection(SolutionConfigurationPlatforms) = preSolution
		Debug|x64 = Debug|x64
		Debug|x86 = Debug|x86
		Release|x64 = Release|x64
		Release|x86 = Release|x86
	EndGlobalSection
	GlobalSection(ProjectConfigurationPlatforms) = postSolution
		{439DFC35-E8B0-48DE-A2A6-BACF2C81D51C}.Debug|x64.ActiveCfg = Debug|x64
		{439DFC35-E8B0-48DE-A2A6-BACF2C81D51C}.Debug|x64.Build.0 = Debug|x64
		{439DFC35-E8B0-48DE-A2A6-BACF2C81D51C}.Debug|x86.ActiveCfg = Debug|Win32
		{439DFC35-E8B0-48DE-A2A6-BACF2C81D51C}.Debug|x86.Build.0 = Debug|Win32
		{439DFC35-E8B0-48DE-A2A6-BACF2C81D51C}.Release|x64.ActiveCfg = Release|x64
		{439DFC35-E8B0-48DE-A2A6-BACF2C81D51C}.Release|x64.Build.0 = Release|x64
		{439DFC35-E8B0-48DE-A2A6-BACF2C81D51C}.Release|x86.ActiveCfg = Release|Win32
		{439DFC35-E8B0-48DE-A2A6-BACF2C81D51C}.Release|x86.Build.0 = Release|Win32
	EndGlobalSection
	GlobalSection(SolutionProperties) = preSolution
		HideSolutionNode = FALSE
	EndGlobalSection
	GlobalSection(ExtensibilityGlobals) = postSolution
		SolutionGuid = {3871DA2D-0F8A-4E5D-BCEE-7E9AD41D90F2}
	EndGlobalSection
EndGlobal
